
Microsoft Visual Studio Solution File, Format Version 12.00
# Visual Studio Version 17
VisualStudioVersion = 17.7.34031.279
MinimumVisualStudioVersion = 10.0.40219.1
Project("{9A19103F-16F7-4668-BE54-9A1E7A4F7556}") = "Bai01", "Bai01\Bai01.csproj", "{233A68DC-C9B0-4FE7-B4CE-47C2B4EB84B2}"
EndProject
Project("{FAE04EC0-301F-11D3-BF4B-00C04F79EFBC}") = "Bai02", "Bai02\Bai02.csproj", "{63E641C7-A4F6-4F8F-A46B-0FCBADD31579}"
EndProject
Project("{FAE04EC0-301F-11D3-BF4B-00C04F79EFBC}") = "Bai03", "Bai03\Bai03.csproj", "{0E1A7B0E-03AE-40A9-8D32-925432F49317}"
EndProject
Project("{FAE04EC0-301F-11D3-BF4B-00C04F79EFBC}") = "Bai04", "Bai04\Bai04.csproj", "{A63B7DA1-7A0E-4DCD-8BD3-251BACD0EA00}"
EndProject
Project("{FAE04EC0-301F-11D3-BF4B-00C04F79EFBC}") = "Bai05", "Bai05\Bai05.csproj", "{26D0D97B-AAC5-43AA-ACEE-C0ED7A938DDC}"
EndProject
Global
	GlobalSection(SolutionConfigurationPlatforms) = preSolution
		Debug|Any CPU = Debug|Any CPU
		Release|Any CPU = Release|Any CPU
	EndGlobalSection
	GlobalSection(ProjectConfigurationPlatforms) = postSolution
		{233A68DC-C9B0-4FE7-B4CE-47C2B4EB84B2}.Debug|Any CPU.ActiveCfg = Debug|Any CPU
		{233A68DC-C9B0-4FE7-B4CE-47C2B4EB84B2}.Debug|Any CPU.Build.0 = Debug|Any CPU
		{233A68DC-C9B0-4FE7-B4CE-47C2B4EB84B2}.Release|Any CPU.ActiveCfg = Release|Any CPU
		{233A68DC-C9B0-4FE7-B4CE-47C2B4EB84B2}.Release|Any CPU.Build.0 = Release|Any CPU
		{63E641C7-A4F6-4F8F-A46B-0FCBADD31579}.Debug|Any CPU.ActiveCfg = Debug|Any CPU
		{63E641C7-A4F6-4F8F-A46B-0FCBADD31579}.Debug|Any CPU.Build.0 = Debug|Any CPU
		{63E641C7-A4F6-4F8F-A46B-0FCBADD31579}.Release|Any CPU.ActiveCfg = Release|Any CPU
		{63E641C7-A4F6-4F8F-A46B-0FCBADD31579}.Release|Any CPU.Build.0 = Release|Any CPU
		{0E1A7B0E-03AE-40A9-8D32-925432F49317}.Debug|Any CPU.ActiveCfg = Debug|Any CPU
		{0E1A7B0E-03AE-40A9-8D32-925432F49317}.Debug|Any CPU.Build.0 = Debug|Any CPU
		{0E1A7B0E-03AE-40A9-8D32-925432F49317}.Release|Any CPU.ActiveCfg = Release|Any CPU
		{0E1A7B0E-03AE-40A9-8D32-925432F49317}.Release|Any CPU.Build.0 = Release|Any CPU
		{A63B7DA1-7A0E-4DCD-8BD3-251BACD0EA00}.Debug|Any CPU.ActiveCfg = Debug|Any CPU
		{A63B7DA1-7A0E-4DCD-8BD3-251BACD0EA00}.Debug|Any CPU.Build.0 = Debug|Any CPU
		{A63B7DA1-7A0E-4DCD-8BD3-251BACD0EA00}.Release|Any CPU.ActiveCfg = Release|Any CPU
		{A63B7DA1-7A0E-4DCD-8BD3-251BACD0EA00}.Release|Any CPU.Build.0 = Release|Any CPU
		{26D0D97B-AAC5-43AA-ACEE-C0ED7A938DDC}.Debug|Any CPU.ActiveCfg = Debug|Any CPU
		{26D0D97B-AAC5-43AA-ACEE-C0ED7A938DDC}.Debug|Any CPU.Build.0 = Debug|Any CPU
		{26D0D97B-AAC5-43AA-ACEE-C0ED7A938DDC}.Release|Any CPU.ActiveCfg = Release|Any CPU
		{26D0D97B-AAC5-43AA-ACEE-C0ED7A938DDC}.Release|Any CPU.Build.0 = Release|Any CPU
	EndGlobalSection
	GlobalSection(SolutionProperties) = preSolution
		HideSolutionNode = FALSE
	EndGlobalSection
	GlobalSection(ExtensibilityGlobals) = postSolution
		SolutionGuid = {DBC87F7C-FE53-48C4-A34D-3369D9663D16}
	EndGlobalSection
EndGlobal
