
Microsoft Visual Studio Solution File, Format Version 12.00
# Visual Studio Version 17
VisualStudioVersion = 17.7.34031.279
MinimumVisualStudioVersion = 10.0.40219.1
Project("{FAE04EC0-301F-11D3-BF4B-00C04F79EFBC}") = "MicrosoftTrain", "MicrosoftTrain\MicrosoftTrain.csproj", "{1CE33E67-CFA8-438D-8D41-6CBC1705369C}"
EndProject
Global
	GlobalSection(SolutionConfigurationPlatforms) = preSolution
		Debug|Any CPU = Debug|Any CPU
		Release|Any CPU = Release|Any CPU
	EndGlobalSection
	GlobalSection(ProjectConfigurationPlatforms) = postSolution
		{1CE33E67-CFA8-438D-8D41-6CBC1705369C}.Debug|Any CPU.ActiveCfg = Debug|Any CPU
		{1CE33E67-CFA8-438D-8D41-6CBC1705369C}.Debug|Any CPU.Build.0 = Debug|Any CPU
		{1CE33E67-CFA8-438D-8D41-6CBC1705369C}.Debug|Any CPU.Deploy.0 = Debug|Any CPU
		{1CE33E67-CFA8-438D-8D41-6CBC1705369C}.Release|Any CPU.ActiveCfg = Release|Any CPU
		{1CE33E67-CFA8-438D-8D41-6CBC1705369C}.Release|Any CPU.Build.0 = Release|Any CPU
		{1CE33E67-CFA8-438D-8D41-6CBC1705369C}.Release|Any CPU.Deploy.0 = Release|Any CPU
	EndGlobalSection
	GlobalSection(SolutionProperties) = preSolution
		HideSolutionNode = FALSE
	EndGlobalSection
	GlobalSection(ExtensibilityGlobals) = postSolution
		SolutionGuid = {EF0403D5-5B12-4C90-88A4-DB8239A90309}
	EndGlobalSection
EndGlobal
